{
  "name": "@arclenos/contracts",
  "version": "0.1.0",
  "lockfileVersion": 3,
  "requires": true,
  "packages": {
    "": {
      "name": "@arclenos/contracts",
      "version": "0.1.0",
      "dependencies": {
        "@foundry-rs/forge": "1.4.4",
        "@openzeppelin/contracts": "5.4.0"
      }
    },
    "node_modules/@foundry-rs/forge": {
      "version": "1.4.4",
      "resolved": "https://registry.npmjs.org/@foundry-rs/forge/-/forge-1.4.4.tgz",
      "integrity": "sha512-rwZTYp0321FIIZX0xZ5HD/c4UX/dvaR4Vt4lPWR/Cqopxo0HNpwaaFGQwjrOABuD+VnCk404KvEGwHbT5Oftxg==",
      "hasInstallScript": true,
      "license": "MIT OR Apache-2.0",
      "bin": {
        "forge": "bin.mjs"
      },
      "optionalDependencies": {
        "@foundry-rs/forge-darwin-amd64": "1.4.4",
        "@foundry-rs/forge-darwin-arm64": "1.4.4",
        "@foundry-rs/forge-linux-amd64": "1.4.4",
        "@foundry-rs/forge-linux-arm64": "1.4.4",
        "@foundry-rs/forge-win32-amd64": "1.4.4"
      }
    },
    "node_modules/@foundry-rs/forge-darwin-amd64": {
      "version": "1.4.4",
      "resolved": "https://registry.npmjs.org/@foundry-rs/forge-darwin-amd64/-/forge-darwin-amd64-1.4.4.tgz",
      "integrity": "sha512-S4vNoE1imD/5FVGjtQ/ea64Dajg/r5nt9h1tk/i/a4pr6zoCEgu86Z+oH7izrJoD4JrF80viSMv7SAIi8oOSqg==",
      "cpu": [
        "x64"
      ],
      "license": "MIT OR Apache-2.0",
      "optional": true,
      "os": [
        "darwin"
      ],
      "bin": {
        "forge": "bin/forge"
      },
      "engines": {
        "node": ">=20"
      }
    },
    "node_modules/@foundry-rs/forge-darwin-arm64": {
      "version": "1.4.4",
      "resolved": "https://registry.npmjs.org/@foundry-rs/forge-darwin-arm64/-/forge-darwin-arm64-1.4.4.tgz",
      "integrity": "sha512-ZVncKbOcTA4ClSQcUu3WeTnsMF+kabjynBEmRdnl8GL2K/i/TxfglV8rEugFaM7u0ztaUu7GeITx6QZvZ6aW/g==",
      "cpu": [
        "arm64"
      ],
      "license": "MIT OR Apache-2.0",
      "optional": true,
      "os": [
        "darwin"
      ],
      "bin": {
        "forge": "bin/forge"
      },
      "engines": {
        "node": ">=20"
      }
    },
    "node_modules/@foundry-rs/forge-linux-amd64": {
      "version": "1.4.4",
      "resolved": "https://registry.npmjs.org/@foundry-rs/forge-linux-amd64/-/forge-linux-amd64-1.4.4.tgz",
      "integrity": "sha512-4pKPWsf1O0pYzJnVLzMM0hvq/Ppn8ZUeSBBUcntImPJsDGyR7rhiI3Y4IVFrDqMnG3O+jOpxHrUWjoqD1VJs7g==",
      "cpu": [
        "x64"
      ],
      "license": "MIT OR Apache-2.0",
      "optional": true,
      "os": [
        "linux"
      ],
      "bin": {
        "forge": "bin/forge"
      },
      "engines": {
        "node": ">=20"
      }
    },
    "node_modules/@foundry-rs/forge-linux-arm64": {
      "version": "1.4.4",
      "resolved": "https://registry.npmjs.org/@foundry-rs/forge-linux-arm64/-/forge-linux-arm64-1.4.4.tgz",
      "integrity": "sha512-ZPnZRDG7zk9FlxkubD+xRWvA5Iu5zOSh6PkdtX9uvOtwGjJ6ZYPsgXgwpkQ7UnxsEbsT3fW0RZNOwoH+Spop3w==",
      "cpu": [
        "arm64"
      ],
      "license": "MIT OR Apache-2.0",
      "optional": true,
      "os": [
        "linux"
      ],
      "bin": {
        "forge": "bin/forge"
      },
      "engines": {
        "node": ">=20"
      }
    },
    "node_modules/@foundry-rs/forge-win32-amd64": {
      "version": "1.4.4",
      "resolved": "https://registry.npmjs.org/@foundry-rs/forge-win32-amd64/-/forge-win32-amd64-1.4.4.tgz",
      "integrity": "sha512-6YUKyJcq8SXCByZxZ7nZO1OYAaPF12ngHbGLrltka0X7Wp1JN8woRMWnVjtdgHjR56PtLOX9o//FDYYSQqFzlw==",
      "cpu": [
        "x64"
      ],
      "license": "MIT OR Apache-2.0",
      "optional": true,
      "os": [
        "win32"
      ],
      "bin": {
        "forge": "bin/forge.exe"
      },
      "engines": {
        "node": ">=20"
      }
    },
    "node_modules/@openzeppelin/contracts": {
      "version": "5.4.0",
      "resolved": "https://registry.npmjs.org/@openzeppelin/contracts/-/contracts-5.4.0.tgz",
      "integrity": "sha512-eCYgWnLg6WO+X52I16TZt8uEjbtdkgLC0SUX/xnAksjjrQI4Xfn4iBRoI5j55dmlOhDv1Y7BoR3cU7e3WWhC6A==",
      "license": "MIT"
    }
  }
}
